
Microsoft Visual Studio Solution File, Format Version 12.00
# Visual Studio 15
VisualStudioVersion = 15.0.28307.421
MinimumVisualStudioVersion = 10.0.40219.1
Project("{FAE04EC0-301F-11D3-BF4B-00C04F79EFBC}") = "calculator_try_catch", "calculator_try_catch\calculator_try_catch.csproj", "{647A5A9E-3A3B-45F3-A224-3A51F2D9DAAC}"
EndProject
Global
	GlobalSection(SolutionConfigurationPlatforms) = preSolution
		Debug|Any CPU = Debug|Any CPU
		Release|Any CPU = Release|Any CPU
	EndGlobalSection
	GlobalSection(ProjectConfigurationPlatforms) = postSolution
		{647A5A9E-3A3B-45F3-A224-3A51F2D9DAAC}.Debug|Any CPU.ActiveCfg = Debug|Any CPU
		{647A5A9E-3A3B-45F3-A224-3A51F2D9DAAC}.Debug|Any CPU.Build.0 = Debug|Any CPU
		{647A5A9E-3A3B-45F3-A224-3A51F2D9DAAC}.Release|Any CPU.ActiveCfg = Release|Any CPU
		{647A5A9E-3A3B-45F3-A224-3A51F2D9DAAC}.Release|Any CPU.Build.0 = Release|Any CPU
	EndGlobalSection
	GlobalSection(SolutionProperties) = preSolution
		HideSolutionNode = FALSE
	EndGlobalSection
	GlobalSection(ExtensibilityGlobals) = postSolution
		SolutionGuid = {2E722746-006D-4D11-AEBB-6FF44BC15B81}
	EndGlobalSection
EndGlobal
